
Microsoft Visual Studio Solution File, Format Version 12.00
# Visual Studio Version 17
VisualStudioVersion = 17.6.33829.357
MinimumVisualStudioVersion = 10.0.40219.1
Project("{FAE04EC0-301F-11D3-BF4B-00C04F79EFBC}") = "De00", "De00\De00.csproj", "{57D57522-8C70-4F49-BDB8-E3812C4B597B}"
EndProject
Global
	GlobalSection(SolutionConfigurationPlatforms) = preSolution
		Debug|Any CPU = Debug|Any CPU
		Release|Any CPU = Release|Any CPU
	EndGlobalSection
	GlobalSection(ProjectConfigurationPlatforms) = postSolution
		{57D57522-8C70-4F49-BDB8-E3812C4B597B}.Debug|Any CPU.ActiveCfg = Debug|Any CPU
		{57D57522-8C70-4F49-BDB8-E3812C4B597B}.Debug|Any CPU.Build.0 = Debug|Any CPU
		{57D57522-8C70-4F49-BDB8-E3812C4B597B}.Release|Any CPU.ActiveCfg = Release|Any CPU
		{57D57522-8C70-4F49-BDB8-E3812C4B597B}.Release|Any CPU.Build.0 = Release|Any CPU
	EndGlobalSection
	GlobalSection(SolutionProperties) = preSolution
		HideSolutionNode = FALSE
	EndGlobalSection
	GlobalSection(ExtensibilityGlobals) = postSolution
		SolutionGuid = {18B093B1-52F6-4FC1-A899-2BD2DF638215}
	EndGlobalSection
EndGlobal
