
Microsoft Visual Studio Solution File, Format Version 12.00
# Visual Studio Version 17
VisualStudioVersion = 17.6.33829.357
MinimumVisualStudioVersion = 10.0.40219.1
Project("{9A19103F-16F7-4668-BE54-9A1E7A4F7556}") = "Demo", "Demo\Demo.csproj", "{F6A89011-54FB-4792-987E-9661027EC178}"
EndProject
Global
	GlobalSection(SolutionConfigurationPlatforms) = preSolution
		Debug|Any CPU = Debug|Any CPU
		Release|Any CPU = Release|Any CPU
	EndGlobalSection
	GlobalSection(ProjectConfigurationPlatforms) = postSolution
		{F6A89011-54FB-4792-987E-9661027EC178}.Debug|Any CPU.ActiveCfg = Debug|Any CPU
		{F6A89011-54FB-4792-987E-9661027EC178}.Debug|Any CPU.Build.0 = Debug|Any CPU
		{F6A89011-54FB-4792-987E-9661027EC178}.Release|Any CPU.ActiveCfg = Release|Any CPU
		{F6A89011-54FB-4792-987E-9661027EC178}.Release|Any CPU.Build.0 = Release|Any CPU
	EndGlobalSection
	GlobalSection(SolutionProperties) = preSolution
		HideSolutionNode = FALSE
	EndGlobalSection
	GlobalSection(ExtensibilityGlobals) = postSolution
		SolutionGuid = {6F08BBBF-A10A-4410-9B18-067300CB1E5E}
	EndGlobalSection
EndGlobal
