
Microsoft Visual Studio Solution File, Format Version 12.00
# Visual Studio Version 17
VisualStudioVersion = 17.6.33829.357
MinimumVisualStudioVersion = 10.0.40219.1
Project("{9A19103F-16F7-4668-BE54-9A1E7A4F7556}") = "BaiKiemTra", "BaiKiemTra\BaiKiemTra.csproj", "{D7B35835-47E7-43EB-8C53-4ED1C8372390}"
EndProject
Project("{FAE04EC0-301F-11D3-BF4B-00C04F79EFBC}") = "De003", "De003\De003.csproj", "{85934E1D-BC8A-4998-B76A-7D3A50149645}"
EndProject
Global
	GlobalSection(SolutionConfigurationPlatforms) = preSolution
		Debug|Any CPU = Debug|Any CPU
		Release|Any CPU = Release|Any CPU
	EndGlobalSection
	GlobalSection(ProjectConfigurationPlatforms) = postSolution
		{D7B35835-47E7-43EB-8C53-4ED1C8372390}.Debug|Any CPU.ActiveCfg = Debug|Any CPU
		{D7B35835-47E7-43EB-8C53-4ED1C8372390}.Debug|Any CPU.Build.0 = Debug|Any CPU
		{D7B35835-47E7-43EB-8C53-4ED1C8372390}.Release|Any CPU.ActiveCfg = Release|Any CPU
		{D7B35835-47E7-43EB-8C53-4ED1C8372390}.Release|Any CPU.Build.0 = Release|Any CPU
		{85934E1D-BC8A-4998-B76A-7D3A50149645}.Debug|Any CPU.ActiveCfg = Debug|Any CPU
		{85934E1D-BC8A-4998-B76A-7D3A50149645}.Debug|Any CPU.Build.0 = Debug|Any CPU
		{85934E1D-BC8A-4998-B76A-7D3A50149645}.Release|Any CPU.ActiveCfg = Release|Any CPU
		{85934E1D-BC8A-4998-B76A-7D3A50149645}.Release|Any CPU.Build.0 = Release|Any CPU
	EndGlobalSection
	GlobalSection(SolutionProperties) = preSolution
		HideSolutionNode = FALSE
	EndGlobalSection
	GlobalSection(ExtensibilityGlobals) = postSolution
		SolutionGuid = {DF6A878A-9573-444B-BC6E-039B4D0ACC76}
	EndGlobalSection
EndGlobal
