
Microsoft Visual Studio Solution File, Format Version 12.00
# Visual Studio Version 17
VisualStudioVersion = 17.6.33829.357
MinimumVisualStudioVersion = 10.0.40219.1
Project("{FAE04EC0-301F-11D3-BF4B-00C04F79EFBC}") = "Bai1", "Bai1\Bai1.csproj", "{9D9DEF09-2EA4-4BEF-851F-6ED9F3B0B865}"
EndProject
Project("{FAE04EC0-301F-11D3-BF4B-00C04F79EFBC}") = "Bai2", "Bai2\Bai2.csproj", "{CA02B1B8-B2D1-4FAA-BBCE-F3601E5FF42F}"
EndProject
Project("{FAE04EC0-301F-11D3-BF4B-00C04F79EFBC}") = "Bai3", "Bai3\Bai3.csproj", "{5E47FE09-D5CF-491F-83AB-93E1A3530A4A}"
EndProject
Project("{FAE04EC0-301F-11D3-BF4B-00C04F79EFBC}") = "Bai4", "Bai4\Bai4.csproj", "{CE91FAB7-84A7-416A-A6F1-47AD461E15A8}"
EndProject
Project("{FAE04EC0-301F-11D3-BF4B-00C04F79EFBC}") = "Bai5", "Bai5\Bai5.csproj", "{5F09FC56-423A-4CFD-8281-E9C6777C8B8D}"
EndProject
Project("{FAE04EC0-301F-11D3-BF4B-00C04F79EFBC}") = "Bai6", "Bai6\Bai6.csproj", "{DFAB2450-5C9C-4F1F-89AD-17790D84804C}"
EndProject
Project("{FAE04EC0-301F-11D3-BF4B-00C04F79EFBC}") = "Bai7", "Bai7\Bai7.csproj", "{A92D5470-FD79-4510-BAE3-8EF8FAC85F6E}"
EndProject
Project("{FAE04EC0-301F-11D3-BF4B-00C04F79EFBC}") = "Bai8", "Bai8\Bai8.csproj", "{BC5237E1-DA3A-4B55-AE46-13FF46AD812C}"
EndProject
Project("{FAE04EC0-301F-11D3-BF4B-00C04F79EFBC}") = "tongHop", "tongHop\tongHop.csproj", "{D123F1EB-D8AD-4FF4-B6BA-C3E2D439538C}"
EndProject
Project("{FAE04EC0-301F-11D3-BF4B-00C04F79EFBC}") = "Btvn1", "Btvn1\Btvn1.csproj", "{05FE94BD-B37B-4F13-B736-276BE753B529}"
EndProject
Project("{FAE04EC0-301F-11D3-BF4B-00C04F79EFBC}") = "Btvn2", "Btvn2\Btvn2.csproj", "{60AFB281-EB51-4011-8488-CDDEEBC9AFC0}"
EndProject
Project("{FAE04EC0-301F-11D3-BF4B-00C04F79EFBC}") = "Btvn3", "Btvn3\Btvn3.csproj", "{9980E792-9EBC-467C-92F4-F57071D23304}"
EndProject
Project("{FAE04EC0-301F-11D3-BF4B-00C04F79EFBC}") = "Btvn5", "Btvn5\Btvn5.csproj", "{82422C4C-56F7-410F-9D36-92CFA5F3ACF3}"
EndProject
Project("{FAE04EC0-301F-11D3-BF4B-00C04F79EFBC}") = "Btvn6", "Btvn6\Btvn6.csproj", "{BA633AFF-4BDB-4714-9636-98A1DF3E641D}"
EndProject
Project("{FAE04EC0-301F-11D3-BF4B-00C04F79EFBC}") = "Btvn7", "Btvn7\Btvn7.csproj", "{F41D7DAF-1873-4DDB-AB15-8F3159092121}"
EndProject
Global
	GlobalSection(SolutionConfigurationPlatforms) = preSolution
		Debug|Any CPU = Debug|Any CPU
		Release|Any CPU = Release|Any CPU
	EndGlobalSection
	GlobalSection(ProjectConfigurationPlatforms) = postSolution
		{9D9DEF09-2EA4-4BEF-851F-6ED9F3B0B865}.Debug|Any CPU.ActiveCfg = Debug|Any CPU
		{9D9DEF09-2EA4-4BEF-851F-6ED9F3B0B865}.Debug|Any CPU.Build.0 = Debug|Any CPU
		{9D9DEF09-2EA4-4BEF-851F-6ED9F3B0B865}.Release|Any CPU.ActiveCfg = Release|Any CPU
		{9D9DEF09-2EA4-4BEF-851F-6ED9F3B0B865}.Release|Any CPU.Build.0 = Release|Any CPU
		{CA02B1B8-B2D1-4FAA-BBCE-F3601E5FF42F}.Debug|Any CPU.ActiveCfg = Debug|Any CPU
		{CA02B1B8-B2D1-4FAA-BBCE-F3601E5FF42F}.Debug|Any CPU.Build.0 = Debug|Any CPU
		{CA02B1B8-B2D1-4FAA-BBCE-F3601E5FF42F}.Release|Any CPU.ActiveCfg = Release|Any CPU
		{CA02B1B8-B2D1-4FAA-BBCE-F3601E5FF42F}.Release|Any CPU.Build.0 = Release|Any CPU
		{5E47FE09-D5CF-491F-83AB-93E1A3530A4A}.Debug|Any CPU.ActiveCfg = Debug|Any CPU
		{5E47FE09-D5CF-491F-83AB-93E1A3530A4A}.Debug|Any CPU.Build.0 = Debug|Any CPU
		{5E47FE09-D5CF-491F-83AB-93E1A3530A4A}.Release|Any CPU.ActiveCfg = Release|Any CPU
		{5E47FE09-D5CF-491F-83AB-93E1A3530A4A}.Release|Any CPU.Build.0 = Release|Any CPU
		{CE91FAB7-84A7-416A-A6F1-47AD461E15A8}.Debug|Any CPU.ActiveCfg = Debug|Any CPU
		{CE91FAB7-84A7-416A-A6F1-47AD461E15A8}.Debug|Any CPU.Build.0 = Debug|Any CPU
		{CE91FAB7-84A7-416A-A6F1-47AD461E15A8}.Release|Any CPU.ActiveCfg = Release|Any CPU
		{CE91FAB7-84A7-416A-A6F1-47AD461E15A8}.Release|Any CPU.Build.0 = Release|Any CPU
		{5F09FC56-423A-4CFD-8281-E9C6777C8B8D}.Debug|Any CPU.ActiveCfg = Debug|Any CPU
		{5F09FC56-423A-4CFD-8281-E9C6777C8B8D}.Debug|Any CPU.Build.0 = Debug|Any CPU
		{5F09FC56-423A-4CFD-8281-E9C6777C8B8D}.Release|Any CPU.ActiveCfg = Release|Any CPU
		{5F09FC56-423A-4CFD-8281-E9C6777C8B8D}.Release|Any CPU.Build.0 = Release|Any CPU
		{DFAB2450-5C9C-4F1F-89AD-17790D84804C}.Debug|Any CPU.ActiveCfg = Debug|Any CPU
		{DFAB2450-5C9C-4F1F-89AD-17790D84804C}.Debug|Any CPU.Build.0 = Debug|Any CPU
		{DFAB2450-5C9C-4F1F-89AD-17790D84804C}.Release|Any CPU.ActiveCfg = Release|Any CPU
		{DFAB2450-5C9C-4F1F-89AD-17790D84804C}.Release|Any CPU.Build.0 = Release|Any CPU
		{A92D5470-FD79-4510-BAE3-8EF8FAC85F6E}.Debug|Any CPU.ActiveCfg = Debug|Any CPU
		{A92D5470-FD79-4510-BAE3-8EF8FAC85F6E}.Debug|Any CPU.Build.0 = Debug|Any CPU
		{A92D5470-FD79-4510-BAE3-8EF8FAC85F6E}.Release|Any CPU.ActiveCfg = Release|Any CPU
		{A92D5470-FD79-4510-BAE3-8EF8FAC85F6E}.Release|Any CPU.Build.0 = Release|Any CPU
		{BC5237E1-DA3A-4B55-AE46-13FF46AD812C}.Debug|Any CPU.ActiveCfg = Debug|Any CPU
		{BC5237E1-DA3A-4B55-AE46-13FF46AD812C}.Debug|Any CPU.Build.0 = Debug|Any CPU
		{BC5237E1-DA3A-4B55-AE46-13FF46AD812C}.Release|Any CPU.ActiveCfg = Release|Any CPU
		{BC5237E1-DA3A-4B55-AE46-13FF46AD812C}.Release|Any CPU.Build.0 = Release|Any CPU
		{D123F1EB-D8AD-4FF4-B6BA-C3E2D439538C}.Debug|Any CPU.ActiveCfg = Debug|Any CPU
		{D123F1EB-D8AD-4FF4-B6BA-C3E2D439538C}.Debug|Any CPU.Build.0 = Debug|Any CPU
		{D123F1EB-D8AD-4FF4-B6BA-C3E2D439538C}.Release|Any CPU.ActiveCfg = Release|Any CPU
		{D123F1EB-D8AD-4FF4-B6BA-C3E2D439538C}.Release|Any CPU.Build.0 = Release|Any CPU
		{05FE94BD-B37B-4F13-B736-276BE753B529}.Debug|Any CPU.ActiveCfg = Debug|Any CPU
		{05FE94BD-B37B-4F13-B736-276BE753B529}.Debug|Any CPU.Build.0 = Debug|Any CPU
		{05FE94BD-B37B-4F13-B736-276BE753B529}.Release|Any CPU.ActiveCfg = Release|Any CPU
		{05FE94BD-B37B-4F13-B736-276BE753B529}.Release|Any CPU.Build.0 = Release|Any CPU
		{60AFB281-EB51-4011-8488-CDDEEBC9AFC0}.Debug|Any CPU.ActiveCfg = Debug|Any CPU
		{60AFB281-EB51-4011-8488-CDDEEBC9AFC0}.Debug|Any CPU.Build.0 = Debug|Any CPU
		{60AFB281-EB51-4011-8488-CDDEEBC9AFC0}.Release|Any CPU.ActiveCfg = Release|Any CPU
		{60AFB281-EB51-4011-8488-CDDEEBC9AFC0}.Release|Any CPU.Build.0 = Release|Any CPU
		{9980E792-9EBC-467C-92F4-F57071D23304}.Debug|Any CPU.ActiveCfg = Debug|Any CPU
		{9980E792-9EBC-467C-92F4-F57071D23304}.Debug|Any CPU.Build.0 = Debug|Any CPU
		{9980E792-9EBC-467C-92F4-F57071D23304}.Release|Any CPU.ActiveCfg = Release|Any CPU
		{9980E792-9EBC-467C-92F4-F57071D23304}.Release|Any CPU.Build.0 = Release|Any CPU
		{82422C4C-56F7-410F-9D36-92CFA5F3ACF3}.Debug|Any CPU.ActiveCfg = Debug|Any CPU
		{82422C4C-56F7-410F-9D36-92CFA5F3ACF3}.Debug|Any CPU.Build.0 = Debug|Any CPU
		{82422C4C-56F7-410F-9D36-92CFA5F3ACF3}.Release|Any CPU.ActiveCfg = Release|Any CPU
		{82422C4C-56F7-410F-9D36-92CFA5F3ACF3}.Release|Any CPU.Build.0 = Release|Any CPU
		{BA633AFF-4BDB-4714-9636-98A1DF3E641D}.Debug|Any CPU.ActiveCfg = Debug|Any CPU
		{BA633AFF-4BDB-4714-9636-98A1DF3E641D}.Debug|Any CPU.Build.0 = Debug|Any CPU
		{BA633AFF-4BDB-4714-9636-98A1DF3E641D}.Release|Any CPU.ActiveCfg = Release|Any CPU
		{BA633AFF-4BDB-4714-9636-98A1DF3E641D}.Release|Any CPU.Build.0 = Release|Any CPU
		{F41D7DAF-1873-4DDB-AB15-8F3159092121}.Debug|Any CPU.ActiveCfg = Debug|Any CPU
		{F41D7DAF-1873-4DDB-AB15-8F3159092121}.Debug|Any CPU.Build.0 = Debug|Any CPU
		{F41D7DAF-1873-4DDB-AB15-8F3159092121}.Release|Any CPU.ActiveCfg = Release|Any CPU
		{F41D7DAF-1873-4DDB-AB15-8F3159092121}.Release|Any CPU.Build.0 = Release|Any CPU
	EndGlobalSection
	GlobalSection(SolutionProperties) = preSolution
		HideSolutionNode = FALSE
	EndGlobalSection
	GlobalSection(ExtensibilityGlobals) = postSolution
		SolutionGuid = {DBFAAAD3-CB3A-4037-BD72-9D372DFED0F3}
	EndGlobalSection
EndGlobal
