
Microsoft Visual Studio Solution File, Format Version 12.00
# Visual Studio Version 17
VisualStudioVersion = 17.6.33829.357
MinimumVisualStudioVersion = 10.0.40219.1
Project("{FAE04EC0-301F-11D3-BF4B-00C04F79EFBC}") = "Na", "Na\Na.csproj", "{CDF77A02-0C85-40FC-A165-FA12EFD7B7ED}"
EndProject
Global
	GlobalSection(SolutionConfigurationPlatforms) = preSolution
		Debug|Any CPU = Debug|Any CPU
		Release|Any CPU = Release|Any CPU
	EndGlobalSection
	GlobalSection(ProjectConfigurationPlatforms) = postSolution
		{CDF77A02-0C85-40FC-A165-FA12EFD7B7ED}.Debug|Any CPU.ActiveCfg = Debug|Any CPU
		{CDF77A02-0C85-40FC-A165-FA12EFD7B7ED}.Debug|Any CPU.Build.0 = Debug|Any CPU
		{CDF77A02-0C85-40FC-A165-FA12EFD7B7ED}.Release|Any CPU.ActiveCfg = Release|Any CPU
		{CDF77A02-0C85-40FC-A165-FA12EFD7B7ED}.Release|Any CPU.Build.0 = Release|Any CPU
	EndGlobalSection
	GlobalSection(SolutionProperties) = preSolution
		HideSolutionNode = FALSE
	EndGlobalSection
	GlobalSection(ExtensibilityGlobals) = postSolution
		SolutionGuid = {6440C63A-7E22-4BEE-8DBF-DE0904A8429F}
	EndGlobalSection
EndGlobal
